
Microsoft Visual Studio Solution File, Format Version 12.00
# Visual Studio 15
VisualStudioVersion = 15.0.28307.168
MinimumVisualStudioVersion = 10.0.40219.1
Project("{FAE04EC0-301F-11D3-BF4B-00C04F79EFBC}") = "TrackMyWalks.Android", "TrackMyWalks\TrackMyWalks.Android\TrackMyWalks.Android.csproj", "{8F47D61F-E652-416D-A4BE-5FCF677E3918}"
EndProject
Project("{FAE04EC0-301F-11D3-BF4B-00C04F79EFBC}") = "TrackMyWalks.iOS", "TrackMyWalks\TrackMyWalks.iOS\TrackMyWalks.iOS.csproj", "{B01392C0-84CA-453E-93C3-3F93477FCC4E}"
EndProject
Project("{FAE04EC0-301F-11D3-BF4B-00C04F79EFBC}") = "TrackMyWalks.UWP", "TrackMyWalks\TrackMyWalks.UWP\TrackMyWalks.UWP.csproj", "{6C4F26E4-A952-466A-8DE8-9C7A7B321549}"
EndProject
Project("{D954291E-2A0B-460D-934E-DC6B0785DB48}") = "TrackMyWalks", "TrackMyWalks\TrackMyWalks\TrackMyWalks.shproj", "{DF94050B-EB9F-4097-B5D0-54CCB2C21069}"
EndProject
Global
	GlobalSection(SharedMSBuildProjectFiles) = preSolution
		TrackMyWalks\TrackMyWalks\TrackMyWalks.projitems*{6c4f26e4-a952-466a-8de8-9c7a7b321549}*SharedItemsImports = 4
		TrackMyWalks\TrackMyWalks\TrackMyWalks.projitems*{8f47d61f-e652-416d-a4be-5fcf677e3918}*SharedItemsImports = 4
		TrackMyWalks\TrackMyWalks\TrackMyWalks.projitems*{b01392c0-84ca-453e-93c3-3f93477fcc4e}*SharedItemsImports = 4
		TrackMyWalks\TrackMyWalks\TrackMyWalks.projitems*{df94050b-eb9f-4097-b5d0-54ccb2c21069}*SharedItemsImports = 13
	EndGlobalSection
	GlobalSection(SolutionConfigurationPlatforms) = preSolution
		Ad-Hoc|Any CPU = Ad-Hoc|Any CPU
		Ad-Hoc|ARM = Ad-Hoc|ARM
		Ad-Hoc|iPhone = Ad-Hoc|iPhone
		Ad-Hoc|iPhoneSimulator = Ad-Hoc|iPhoneSimulator
		Ad-Hoc|x64 = Ad-Hoc|x64
		Ad-Hoc|x86 = Ad-Hoc|x86
		AppStore|Any CPU = AppStore|Any CPU
		AppStore|ARM = AppStore|ARM
		AppStore|iPhone = AppStore|iPhone
		AppStore|iPhoneSimulator = AppStore|iPhoneSimulator
		AppStore|x64 = AppStore|x64
		AppStore|x86 = AppStore|x86
		Debug|Any CPU = Debug|Any CPU
		Debug|ARM = Debug|ARM
		Debug|iPhone = Debug|iPhone
		Debug|iPhoneSimulator = Debug|iPhoneSimulator
		Debug|x64 = Debug|x64
		Debug|x86 = Debug|x86
		Release|Any CPU = Release|Any CPU
		Release|ARM = Release|ARM
		Release|iPhone = Release|iPhone
		Release|iPhoneSimulator = Release|iPhoneSimulator
		Release|x64 = Release|x64
		Release|x86 = Release|x86
	EndGlobalSection
	GlobalSection(ProjectConfigurationPlatforms) = postSolution
		{8F47D61F-E652-416D-A4BE-5FCF677E3918}.Ad-Hoc|Any CPU.ActiveCfg = Release|Any CPU
		{8F47D61F-E652-416D-A4BE-5FCF677E3918}.Ad-Hoc|Any CPU.Build.0 = Release|Any CPU
		{8F47D61F-E652-416D-A4BE-5FCF677E3918}.Ad-Hoc|Any CPU.Deploy.0 = Release|Any CPU
		{8F47D61F-E652-416D-A4BE-5FCF677E3918}.Ad-Hoc|ARM.ActiveCfg = Release|Any CPU
		{8F47D61F-E652-416D-A4BE-5FCF677E3918}.Ad-Hoc|ARM.Build.0 = Release|Any CPU
		{8F47D61F-E652-416D-A4BE-5FCF677E3918}.Ad-Hoc|ARM.Deploy.0 = Release|Any CPU
		{8F47D61F-E652-416D-A4BE-5FCF677E3918}.Ad-Hoc|iPhone.ActiveCfg = Release|Any CPU
		{8F47D61F-E652-416D-A4BE-5FCF677E3918}.Ad-Hoc|iPhone.Build.0 = Release|Any CPU
		{8F47D61F-E652-416D-A4BE-5FCF677E3918}.Ad-Hoc|iPhone.Deploy.0 = Release|Any CPU
		{8F47D61F-E652-416D-A4BE-5FCF677E3918}.Ad-Hoc|iPhoneSimulator.ActiveCfg = Release|Any CPU
		{8F47D61F-E652-416D-A4BE-5FCF677E3918}.Ad-Hoc|iPhoneSimulator.Build.0 = Release|Any CPU
		{8F47D61F-E652-416D-A4BE-5FCF677E3918}.Ad-Hoc|iPhoneSimulator.Deploy.0 = Release|Any CPU
		{8F47D61F-E652-416D-A4BE-5FCF677E3918}.Ad-Hoc|x64.ActiveCfg = Release|Any CPU
		{8F47D61F-E652-416D-A4BE-5FCF677E3918}.Ad-Hoc|x64.Build.0 = Release|Any CPU
		{8F47D61F-E652-416D-A4BE-5FCF677E3918}.Ad-Hoc|x64.Deploy.0 = Release|Any CPU
		{8F47D61F-E652-416D-A4BE-5FCF677E3918}.Ad-Hoc|x86.ActiveCfg = Release|Any CPU
		{8F47D61F-E652-416D-A4BE-5FCF677E3918}.Ad-Hoc|x86.Build.0 = Release|Any CPU
		{8F47D61F-E652-416D-A4BE-5FCF677E3918}.Ad-Hoc|x86.Deploy.0 = Release|Any CPU
		{8F47D61F-E652-416D-A4BE-5FCF677E3918}.AppStore|Any CPU.ActiveCfg = Release|Any CPU
		{8F47D61F-E652-416D-A4BE-5FCF677E3918}.AppStore|Any CPU.Build.0 = Release|Any CPU
		{8F47D61F-E652-416D-A4BE-5FCF677E3918}.AppStore|Any CPU.Deploy.0 = Release|Any CPU
		{8F47D61F-E652-416D-A4BE-5FCF677E3918}.AppStore|ARM.ActiveCfg = Release|Any CPU
		{8F47D61F-E652-416D-A4BE-5FCF677E3918}.AppStore|ARM.Build.0 = Release|Any CPU
		{8F47D61F-E652-416D-A4BE-5FCF677E3918}.AppStore|ARM.Deploy.0 = Release|Any CPU
		{8F47D61F-E652-416D-A4BE-5FCF677E3918}.AppStore|iPhone.ActiveCfg = Release|Any CPU
		{8F47D61F-E652-416D-A4BE-5FCF677E3918}.AppStore|iPhone.Build.0 = Release|Any CPU
		{8F47D61F-E652-416D-A4BE-5FCF677E3918}.AppStore|iPhone.Deploy.0 = Release|Any CPU
		{8F47D61F-E652-416D-A4BE-5FCF677E3918}.AppStore|iPhoneSimulator.ActiveCfg = Release|Any CPU
		{8F47D61F-E652-416D-A4BE-5FCF677E3918}.AppStore|iPhoneSimulator.Build.0 = Release|Any CPU
		{8F47D61F-E652-416D-A4BE-5FCF677E3918}.AppStore|iPhoneSimulator.Deploy.0 = Release|Any CPU
		{8F47D61F-E652-416D-A4BE-5FCF677E3918}.AppStore|x64.ActiveCfg = Release|Any CPU
		{8F47D61F-E652-416D-A4BE-5FCF677E3918}.AppStore|x64.Build.0 = Release|Any CPU
		{8F47D61F-E652-416D-A4BE-5FCF677E3918}.AppStore|x64.Deploy.0 = Release|Any CPU
		{8F47D61F-E652-416D-A4BE-5FCF677E3918}.AppStore|x86.ActiveCfg = Release|Any CPU
		{8F47D61F-E652-416D-A4BE-5FCF677E3918}.AppStore|x86.Build.0 = Release|Any CPU
		{8F47D61F-E652-416D-A4BE-5FCF677E3918}.AppStore|x86.Deploy.0 = Release|Any CPU
		{8F47D61F-E652-416D-A4BE-5FCF677E3918}.Debug|Any CPU.ActiveCfg = Debug|Any CPU
		{8F47D61F-E652-416D-A4BE-5FCF677E3918}.Debug|Any CPU.Build.0 = Debug|Any CPU
		{8F47D61F-E652-416D-A4BE-5FCF677E3918}.Debug|Any CPU.Deploy.0 = Debug|Any CPU
		{8F47D61F-E652-416D-A4BE-5FCF677E3918}.Debug|ARM.ActiveCfg = Debug|Any CPU
		{8F47D61F-E652-416D-A4BE-5FCF677E3918}.Debug|ARM.Build.0 = Debug|Any CPU
		{8F47D61F-E652-416D-A4BE-5FCF677E3918}.Debug|ARM.Deploy.0 = Debug|Any CPU
		{8F47D61F-E652-416D-A4BE-5FCF677E3918}.Debug|iPhone.ActiveCfg = Debug|Any CPU
		{8F47D61F-E652-416D-A4BE-5FCF677E3918}.Debug|iPhone.Build.0 = Debug|Any CPU
		{8F47D61F-E652-416D-A4BE-5FCF677E3918}.Debug|iPhone.Deploy.0 = Debug|Any CPU
		{8F47D61F-E652-416D-A4BE-5FCF677E3918}.Debug|iPhoneSimulator.ActiveCfg = Debug|Any CPU
		{8F47D61F-E652-416D-A4BE-5FCF677E3918}.Debug|iPhoneSimulator.Build.0 = Debug|Any CPU
		{8F47D61F-E652-416D-A4BE-5FCF677E3918}.Debug|iPhoneSimulator.Deploy.0 = Debug|Any CPU
		{8F47D61F-E652-416D-A4BE-5FCF677E3918}.Debug|x64.ActiveCfg = Debug|Any CPU
		{8F47D61F-E652-416D-A4BE-5FCF677E3918}.Debug|x64.Build.0 = Debug|Any CPU
		{8F47D61F-E652-416D-A4BE-5FCF677E3918}.Debug|x64.Deploy.0 = Debug|Any CPU
		{8F47D61F-E652-416D-A4BE-5FCF677E3918}.Debug|x86.ActiveCfg = Debug|Any CPU
		{8F47D61F-E652-416D-A4BE-5FCF677E3918}.Debug|x86.Build.0 = Debug|Any CPU
		{8F47D61F-E652-416D-A4BE-5FCF677E3918}.Debug|x86.Deploy.0 = Debug|Any CPU
		{8F47D61F-E652-416D-A4BE-5FCF677E3918}.Release|Any CPU.ActiveCfg = Release|Any CPU
		{8F47D61F-E652-416D-A4BE-5FCF677E3918}.Release|Any CPU.Build.0 = Release|Any CPU
		{8F47D61F-E652-416D-A4BE-5FCF677E3918}.Release|Any CPU.Deploy.0 = Release|Any CPU
		{8F47D61F-E652-416D-A4BE-5FCF677E3918}.Release|ARM.ActiveCfg = Release|Any CPU
		{8F47D61F-E652-416D-A4BE-5FCF677E3918}.Release|ARM.Build.0 = Release|Any CPU
		{8F47D61F-E652-416D-A4BE-5FCF677E3918}.Release|ARM.Deploy.0 = Release|Any CPU
		{8F47D61F-E652-416D-A4BE-5FCF677E3918}.Release|iPhone.ActiveCfg = Release|Any CPU
		{8F47D61F-E652-416D-A4BE-5FCF677E3918}.Release|iPhone.Build.0 = Release|Any CPU
		{8F47D61F-E652-416D-A4BE-5FCF677E3918}.Release|iPhone.Deploy.0 = Release|Any CPU
		{8F47D61F-E652-416D-A4BE-5FCF677E3918}.Release|iPhoneSimulator.ActiveCfg = Release|Any CPU
		{8F47D61F-E652-416D-A4BE-5FCF677E3918}.Release|iPhoneSimulator.Build.0 = Release|Any CPU
		{8F47D61F-E652-416D-A4BE-5FCF677E3918}.Release|iPhoneSimulator.Deploy.0 = Release|Any CPU
		{8F47D61F-E652-416D-A4BE-5FCF677E3918}.Release|x64.ActiveCfg = Release|Any CPU
		{8F47D61F-E652-416D-A4BE-5FCF677E3918}.Release|x64.Build.0 = Release|Any CPU
		{8F47D61F-E652-416D-A4BE-5FCF677E3918}.Release|x64.Deploy.0 = Release|Any CPU
		{8F47D61F-E652-416D-A4BE-5FCF677E3918}.Release|x86.ActiveCfg = Release|Any CPU
		{8F47D61F-E652-416D-A4BE-5FCF677E3918}.Release|x86.Build.0 = Release|Any CPU
		{8F47D61F-E652-416D-A4BE-5FCF677E3918}.Release|x86.Deploy.0 = Release|Any CPU
		{B01392C0-84CA-453E-93C3-3F93477FCC4E}.Ad-Hoc|Any CPU.ActiveCfg = Ad-Hoc|iPhone
		{B01392C0-84CA-453E-93C3-3F93477FCC4E}.Ad-Hoc|Any CPU.Build.0 = Ad-Hoc|iPhone
		{B01392C0-84CA-453E-93C3-3F93477FCC4E}.Ad-Hoc|Any CPU.Deploy.0 = Ad-Hoc|iPhone
		{B01392C0-84CA-453E-93C3-3F93477FCC4E}.Ad-Hoc|ARM.ActiveCfg = Ad-Hoc|iPhone
		{B01392C0-84CA-453E-93C3-3F93477FCC4E}.Ad-Hoc|ARM.Build.0 = Ad-Hoc|iPhone
		{B01392C0-84CA-453E-93C3-3F93477FCC4E}.Ad-Hoc|ARM.Deploy.0 = Ad-Hoc|iPhone
		{B01392C0-84CA-453E-93C3-3F93477FCC4E}.Ad-Hoc|iPhone.ActiveCfg = Ad-Hoc|iPhone
		{B01392C0-84CA-453E-93C3-3F93477FCC4E}.Ad-Hoc|iPhone.Build.0 = Ad-Hoc|iPhone
		{B01392C0-84CA-453E-93C3-3F93477FCC4E}.Ad-Hoc|iPhone.Deploy.0 = Ad-Hoc|iPhone
		{B01392C0-84CA-453E-93C3-3F93477FCC4E}.Ad-Hoc|iPhoneSimulator.ActiveCfg = Ad-Hoc|iPhoneSimulator
		{B01392C0-84CA-453E-93C3-3F93477FCC4E}.Ad-Hoc|iPhoneSimulator.Build.0 = Ad-Hoc|iPhoneSimulator
		{B01392C0-84CA-453E-93C3-3F93477FCC4E}.Ad-Hoc|iPhoneSimulator.Deploy.0 = Ad-Hoc|iPhoneSimulator
		{B01392C0-84CA-453E-93C3-3F93477FCC4E}.Ad-Hoc|x64.ActiveCfg = Ad-Hoc|iPhone
		{B01392C0-84CA-453E-93C3-3F93477FCC4E}.Ad-Hoc|x64.Build.0 = Ad-Hoc|iPhone
		{B01392C0-84CA-453E-93C3-3F93477FCC4E}.Ad-Hoc|x64.Deploy.0 = Ad-Hoc|iPhone
		{B01392C0-84CA-453E-93C3-3F93477FCC4E}.Ad-Hoc|x86.ActiveCfg = Ad-Hoc|iPhone
		{B01392C0-84CA-453E-93C3-3F93477FCC4E}.Ad-Hoc|x86.Build.0 = Ad-Hoc|iPhone
		{B01392C0-84CA-453E-93C3-3F93477FCC4E}.Ad-Hoc|x86.Deploy.0 = Ad-Hoc|iPhone
		{B01392C0-84CA-453E-93C3-3F93477FCC4E}.AppStore|Any CPU.ActiveCfg = AppStore|iPhone
		{B01392C0-84CA-453E-93C3-3F93477FCC4E}.AppStore|Any CPU.Build.0 = AppStore|iPhone
		{B01392C0-84CA-453E-93C3-3F93477FCC4E}.AppStore|Any CPU.Deploy.0 = AppStore|iPhone
		{B01392C0-84CA-453E-93C3-3F93477FCC4E}.AppStore|ARM.ActiveCfg = AppStore|iPhone
		{B01392C0-84CA-453E-93C3-3F93477FCC4E}.AppStore|ARM.Build.0 = AppStore|iPhone
		{B01392C0-84CA-453E-93C3-3F93477FCC4E}.AppStore|ARM.Deploy.0 = AppStore|iPhone
		{B01392C0-84CA-453E-93C3-3F93477FCC4E}.AppStore|iPhone.ActiveCfg = AppStore|iPhone
		{B01392C0-84CA-453E-93C3-3F93477FCC4E}.AppStore|iPhone.Build.0 = AppStore|iPhone
		{B01392C0-84CA-453E-93C3-3F93477FCC4E}.AppStore|iPhone.Deploy.0 = AppStore|iPhone
		{B01392C0-84CA-453E-93C3-3F93477FCC4E}.AppStore|iPhoneSimulator.ActiveCfg = AppStore|iPhoneSimulator
		{B01392C0-84CA-453E-93C3-3F93477FCC4E}.AppStore|iPhoneSimulator.Build.0 = AppStore|iPhoneSimulator
		{B01392C0-84CA-453E-93C3-3F93477FCC4E}.AppStore|iPhoneSimulator.Deploy.0 = AppStore|iPhoneSimulator
		{B01392C0-84CA-453E-93C3-3F93477FCC4E}.AppStore|x64.ActiveCfg = AppStore|iPhone
		{B01392C0-84CA-453E-93C3-3F93477FCC4E}.AppStore|x64.Build.0 = AppStore|iPhone
		{B01392C0-84CA-453E-93C3-3F93477FCC4E}.AppStore|x64.Deploy.0 = AppStore|iPhone
		{B01392C0-84CA-453E-93C3-3F93477FCC4E}.AppStore|x86.ActiveCfg = AppStore|iPhone
		{B01392C0-84CA-453E-93C3-3F93477FCC4E}.AppStore|x86.Build.0 = AppStore|iPhone
		{B01392C0-84CA-453E-93C3-3F93477FCC4E}.AppStore|x86.Deploy.0 = AppStore|iPhone
		{B01392C0-84CA-453E-93C3-3F93477FCC4E}.Debug|Any CPU.ActiveCfg = Debug|iPhoneSimulator
		{B01392C0-84CA-453E-93C3-3F93477FCC4E}.Debug|Any CPU.Build.0 = Debug|iPhoneSimulator
		{B01392C0-84CA-453E-93C3-3F93477FCC4E}.Debug|Any CPU.Deploy.0 = Debug|iPhoneSimulator
		{B01392C0-84CA-453E-93C3-3F93477FCC4E}.Debug|ARM.ActiveCfg = Debug|iPhone
		{B01392C0-84CA-453E-93C3-3F93477FCC4E}.Debug|ARM.Build.0 = Debug|iPhone
		{B01392C0-84CA-453E-93C3-3F93477FCC4E}.Debug|ARM.Deploy.0 = Debug|iPhone
		{B01392C0-84CA-453E-93C3-3F93477FCC4E}.Debug|iPhone.ActiveCfg = Debug|iPhone
		{B01392C0-84CA-453E-93C3-3F93477FCC4E}.Debug|iPhone.Build.0 = Debug|iPhone
		{B01392C0-84CA-453E-93C3-3F93477FCC4E}.Debug|iPhone.Deploy.0 = Debug|iPhone
		{B01392C0-84CA-453E-93C3-3F93477FCC4E}.Debug|iPhoneSimulator.ActiveCfg = Debug|iPhoneSimulator
		{B01392C0-84CA-453E-93C3-3F93477FCC4E}.Debug|iPhoneSimulator.Build.0 = Debug|iPhoneSimulator
		{B01392C0-84CA-453E-93C3-3F93477FCC4E}.Debug|iPhoneSimulator.Deploy.0 = Debug|iPhoneSimulator
		{B01392C0-84CA-453E-93C3-3F93477FCC4E}.Debug|x64.ActiveCfg = Debug|iPhone
		{B01392C0-84CA-453E-93C3-3F93477FCC4E}.Debug|x64.Build.0 = Debug|iPhone
		{B01392C0-84CA-453E-93C3-3F93477FCC4E}.Debug|x64.Deploy.0 = Debug|iPhone
		{B01392C0-84CA-453E-93C3-3F93477FCC4E}.Debug|x86.ActiveCfg = Debug|iPhone
		{B01392C0-84CA-453E-93C3-3F93477FCC4E}.Debug|x86.Build.0 = Debug|iPhone
		{B01392C0-84CA-453E-93C3-3F93477FCC4E}.Debug|x86.Deploy.0 = Debug|iPhone
		{B01392C0-84CA-453E-93C3-3F93477FCC4E}.Release|Any CPU.ActiveCfg = Release|iPhone
		{B01392C0-84CA-453E-93C3-3F93477FCC4E}.Release|Any CPU.Build.0 = Release|iPhone
		{B01392C0-84CA-453E-93C3-3F93477FCC4E}.Release|Any CPU.Deploy.0 = Release|iPhone
		{B01392C0-84CA-453E-93C3-3F93477FCC4E}.Release|ARM.ActiveCfg = Release|iPhone
		{B01392C0-84CA-453E-93C3-3F93477FCC4E}.Release|ARM.Build.0 = Release|iPhone
		{B01392C0-84CA-453E-93C3-3F93477FCC4E}.Release|ARM.Deploy.0 = Release|iPhone
		{B01392C0-84CA-453E-93C3-3F93477FCC4E}.Release|iPhone.ActiveCfg = Release|iPhone
		{B01392C0-84CA-453E-93C3-3F93477FCC4E}.Release|iPhone.Build.0 = Release|iPhone
		{B01392C0-84CA-453E-93C3-3F93477FCC4E}.Release|iPhone.Deploy.0 = Release|iPhone
		{B01392C0-84CA-453E-93C3-3F93477FCC4E}.Release|iPhoneSimulator.ActiveCfg = Release|iPhoneSimulator
		{B01392C0-84CA-453E-93C3-3F93477FCC4E}.Release|iPhoneSimulator.Build.0 = Release|iPhoneSimulator
		{B01392C0-84CA-453E-93C3-3F93477FCC4E}.Release|iPhoneSimulator.Deploy.0 = Release|iPhoneSimulator
		{B01392C0-84CA-453E-93C3-3F93477FCC4E}.Release|x64.ActiveCfg = Release|iPhone
		{B01392C0-84CA-453E-93C3-3F93477FCC4E}.Release|x64.Build.0 = Release|iPhone
		{B01392C0-84CA-453E-93C3-3F93477FCC4E}.Release|x64.Deploy.0 = Release|iPhone
		{B01392C0-84CA-453E-93C3-3F93477FCC4E}.Release|x86.ActiveCfg = Release|iPhone
		{B01392C0-84CA-453E-93C3-3F93477FCC4E}.Release|x86.Build.0 = Release|iPhone
		{B01392C0-84CA-453E-93C3-3F93477FCC4E}.Release|x86.Deploy.0 = Release|iPhone
		{6C4F26E4-A952-466A-8DE8-9C7A7B321549}.Ad-Hoc|Any CPU.ActiveCfg = Release|x86
		{6C4F26E4-A952-466A-8DE8-9C7A7B321549}.Ad-Hoc|Any CPU.Build.0 = Release|x86
		{6C4F26E4-A952-466A-8DE8-9C7A7B321549}.Ad-Hoc|Any CPU.Deploy.0 = Release|x86
		{6C4F26E4-A952-466A-8DE8-9C7A7B321549}.Ad-Hoc|ARM.ActiveCfg = Release|ARM
		{6C4F26E4-A952-466A-8DE8-9C7A7B321549}.Ad-Hoc|ARM.Build.0 = Release|ARM
		{6C4F26E4-A952-466A-8DE8-9C7A7B321549}.Ad-Hoc|ARM.Deploy.0 = Release|ARM
		{6C4F26E4-A952-466A-8DE8-9C7A7B321549}.Ad-Hoc|iPhone.ActiveCfg = Release|x86
		{6C4F26E4-A952-466A-8DE8-9C7A7B321549}.Ad-Hoc|iPhone.Build.0 = Release|x86
		{6C4F26E4-A952-466A-8DE8-9C7A7B321549}.Ad-Hoc|iPhone.Deploy.0 = Release|x86
		{6C4F26E4-A952-466A-8DE8-9C7A7B321549}.Ad-Hoc|iPhoneSimulator.ActiveCfg = Release|x86
		{6C4F26E4-A952-466A-8DE8-9C7A7B321549}.Ad-Hoc|iPhoneSimulator.Build.0 = Release|x86
		{6C4F26E4-A952-466A-8DE8-9C7A7B321549}.Ad-Hoc|iPhoneSimulator.Deploy.0 = Release|x86
		{6C4F26E4-A952-466A-8DE8-9C7A7B321549}.Ad-Hoc|x64.ActiveCfg = Release|x64
		{6C4F26E4-A952-466A-8DE8-9C7A7B321549}.Ad-Hoc|x64.Build.0 = Release|x64
		{6C4F26E4-A952-466A-8DE8-9C7A7B321549}.Ad-Hoc|x64.Deploy.0 = Release|x64
		{6C4F26E4-A952-466A-8DE8-9C7A7B321549}.Ad-Hoc|x86.ActiveCfg = Release|x86
		{6C4F26E4-A952-466A-8DE8-9C7A7B321549}.Ad-Hoc|x86.Build.0 = Release|x86
		{6C4F26E4-A952-466A-8DE8-9C7A7B321549}.Ad-Hoc|x86.Deploy.0 = Release|x86
		{6C4F26E4-A952-466A-8DE8-9C7A7B321549}.AppStore|Any CPU.ActiveCfg = Release|x86
		{6C4F26E4-A952-466A-8DE8-9C7A7B321549}.AppStore|Any CPU.Build.0 = Release|x86
		{6C4F26E4-A952-466A-8DE8-9C7A7B321549}.AppStore|Any CPU.Deploy.0 = Release|x86
		{6C4F26E4-A952-466A-8DE8-9C7A7B321549}.AppStore|ARM.ActiveCfg = Release|ARM
		{6C4F26E4-A952-466A-8DE8-9C7A7B321549}.AppStore|ARM.Build.0 = Release|ARM
		{6C4F26E4-A952-466A-8DE8-9C7A7B321549}.AppStore|ARM.Deploy.0 = Release|ARM
		{6C4F26E4-A952-466A-8DE8-9C7A7B321549}.AppStore|iPhone.ActiveCfg = Release|x86
		{6C4F26E4-A952-466A-8DE8-9C7A7B321549}.AppStore|iPhone.Build.0 = Release|x86
		{6C4F26E4-A952-466A-8DE8-9C7A7B321549}.AppStore|iPhone.Deploy.0 = Release|x86
		{6C4F26E4-A952-466A-8DE8-9C7A7B321549}.AppStore|iPhoneSimulator.ActiveCfg = Release|x86
		{6C4F26E4-A952-466A-8DE8-9C7A7B321549}.AppStore|iPhoneSimulator.Build.0 = Release|x86
		{6C4F26E4-A952-466A-8DE8-9C7A7B321549}.AppStore|iPhoneSimulator.Deploy.0 = Release|x86
		{6C4F26E4-A952-466A-8DE8-9C7A7B321549}.AppStore|x64.ActiveCfg = Release|x64
		{6C4F26E4-A952-466A-8DE8-9C7A7B321549}.AppStore|x64.Build.0 = Release|x64
		{6C4F26E4-A952-466A-8DE8-9C7A7B321549}.AppStore|x64.Deploy.0 = Release|x64
		{6C4F26E4-A952-466A-8DE8-9C7A7B321549}.AppStore|x86.ActiveCfg = Release|x86
		{6C4F26E4-A952-466A-8DE8-9C7A7B321549}.AppStore|x86.Build.0 = Release|x86
		{6C4F26E4-A952-466A-8DE8-9C7A7B321549}.AppStore|x86.Deploy.0 = Release|x86
		{6C4F26E4-A952-466A-8DE8-9C7A7B321549}.Debug|Any CPU.ActiveCfg = Debug|x86
		{6C4F26E4-A952-466A-8DE8-9C7A7B321549}.Debug|Any CPU.Build.0 = Debug|x86
		{6C4F26E4-A952-466A-8DE8-9C7A7B321549}.Debug|Any CPU.Deploy.0 = Debug|x86
		{6C4F26E4-A952-466A-8DE8-9C7A7B321549}.Debug|ARM.ActiveCfg = Debug|ARM
		{6C4F26E4-A952-466A-8DE8-9C7A7B321549}.Debug|ARM.Build.0 = Debug|ARM
		{6C4F26E4-A952-466A-8DE8-9C7A7B321549}.Debug|ARM.Deploy.0 = Debug|ARM
		{6C4F26E4-A952-466A-8DE8-9C7A7B321549}.Debug|iPhone.ActiveCfg = Debug|x86
		{6C4F26E4-A952-466A-8DE8-9C7A7B321549}.Debug|iPhone.Build.0 = Debug|x86
		{6C4F26E4-A952-466A-8DE8-9C7A7B321549}.Debug|iPhone.Deploy.0 = Debug|x86
		{6C4F26E4-A952-466A-8DE8-9C7A7B321549}.Debug|iPhoneSimulator.ActiveCfg = Debug|x86
		{6C4F26E4-A952-466A-8DE8-9C7A7B321549}.Debug|iPhoneSimulator.Build.0 = Debug|x86
		{6C4F26E4-A952-466A-8DE8-9C7A7B321549}.Debug|iPhoneSimulator.Deploy.0 = Debug|x86
		{6C4F26E4-A952-466A-8DE8-9C7A7B321549}.Debug|x64.ActiveCfg = Debug|x64
		{6C4F26E4-A952-466A-8DE8-9C7A7B321549}.Debug|x64.Build.0 = Debug|x64
		{6C4F26E4-A952-466A-8DE8-9C7A7B321549}.Debug|x64.Deploy.0 = Debug|x64
		{6C4F26E4-A952-466A-8DE8-9C7A7B321549}.Debug|x86.ActiveCfg = Debug|x86
		{6C4F26E4-A952-466A-8DE8-9C7A7B321549}.Debug|x86.Build.0 = Debug|x86
		{6C4F26E4-A952-466A-8DE8-9C7A7B321549}.Debug|x86.Deploy.0 = Debug|x86
		{6C4F26E4-A952-466A-8DE8-9C7A7B321549}.Release|Any CPU.ActiveCfg = Release|x86
		{6C4F26E4-A952-466A-8DE8-9C7A7B321549}.Release|Any CPU.Build.0 = Release|x86
		{6C4F26E4-A952-466A-8DE8-9C7A7B321549}.Release|Any CPU.Deploy.0 = Release|x86
		{6C4F26E4-A952-466A-8DE8-9C7A7B321549}.Release|ARM.ActiveCfg = Release|ARM
		{6C4F26E4-A952-466A-8DE8-9C7A7B321549}.Release|ARM.Build.0 = Release|ARM
		{6C4F26E4-A952-466A-8DE8-9C7A7B321549}.Release|ARM.Deploy.0 = Release|ARM
		{6C4F26E4-A952-466A-8DE8-9C7A7B321549}.Release|iPhone.ActiveCfg = Release|x86
		{6C4F26E4-A952-466A-8DE8-9C7A7B321549}.Release|iPhone.Build.0 = Release|x86
		{6C4F26E4-A952-466A-8DE8-9C7A7B321549}.Release|iPhone.Deploy.0 = Release|x86
		{6C4F26E4-A952-466A-8DE8-9C7A7B321549}.Release|iPhoneSimulator.ActiveCfg = Release|x86
		{6C4F26E4-A952-466A-8DE8-9C7A7B321549}.Release|iPhoneSimulator.Build.0 = Release|x86
		{6C4F26E4-A952-466A-8DE8-9C7A7B321549}.Release|iPhoneSimulator.Deploy.0 = Release|x86
		{6C4F26E4-A952-466A-8DE8-9C7A7B321549}.Release|x64.ActiveCfg = Release|x64
		{6C4F26E4-A952-466A-8DE8-9C7A7B321549}.Release|x64.Build.0 = Release|x64
		{6C4F26E4-A952-466A-8DE8-9C7A7B321549}.Release|x64.Deploy.0 = Release|x64
		{6C4F26E4-A952-466A-8DE8-9C7A7B321549}.Release|x86.ActiveCfg = Release|x86
		{6C4F26E4-A952-466A-8DE8-9C7A7B321549}.Release|x86.Build.0 = Release|x86
		{6C4F26E4-A952-466A-8DE8-9C7A7B321549}.Release|x86.Deploy.0 = Release|x86
	EndGlobalSection
	GlobalSection(SolutionProperties) = preSolution
		HideSolutionNode = FALSE
	EndGlobalSection
	GlobalSection(ExtensibilityGlobals) = postSolution
		SolutionGuid = {0DA51AF1-D7EA-44DA-AB66-E8A06BAE87FE}
	EndGlobalSection
EndGlobal
